// !$*UTF8*$!
{
	archiveVersion = 1;
	classes = {
	};
	objectVersion = 55;
	objects = {

/* Begin PBXBuildFile section */
		6B29C1402A7E8AA70013AADD /* InknutAntiqua-Medium.ttf in Resources */ = {isa = PBXBuildFile; fileRef = 6B29C13F2A7E8AA60013AADD /* InknutAntiqua-Medium.ttf */; };
		6B504DDA2A7D795400A70793 /* AppDelegate.swift in Sources */ = {isa = PBXBuildFile; fileRef = 6B504DD92A7D795400A70793 /* AppDelegate.swift */; };
		6B504DDC2A7D795400A70793 /* SceneDelegate.swift in Sources */ = {isa = PBXBuildFile; fileRef = 6B504DDB2A7D795400A70793 /* SceneDelegate.swift */; };
		6B504DDE2A7D795400A70793 /* MainViewController.swift in Sources */ = {isa = PBXBuildFile; fileRef = 6B504DDD2A7D795400A70793 /* MainViewController.swift */; };
		6B504DE12A7D795400A70793 /* Main.storyboard in Resources */ = {isa = PBXBuildFile; fileRef = 6B504DDF2A7D795400A70793 /* Main.storyboard */; };
		6B504DE32A7D795700A70793 /* Assets.xcassets in Resources */ = {isa = PBXBuildFile; fileRef = 6B504DE22A7D795700A70793 /* Assets.xcassets */; };
		6B504DE62A7D795700A70793 /* LaunchScreen.storyboard in Resources */ = {isa = PBXBuildFile; fileRef = 6B504DE42A7D795700A70793 /* LaunchScreen.storyboard */; };
		6B504DEE2A7D858700A70793 /* ConditionsScreenViewController.swift in Sources */ = {isa = PBXBuildFile; fileRef = 6B504DED2A7D858700A70793 /* ConditionsScreenViewController.swift */; };
		6B504DF02A7D941700A70793 /* CouponsViewController.swift in Sources */ = {isa = PBXBuildFile; fileRef = 6B504DEF2A7D941700A70793 /* CouponsViewController.swift */; };
		6B504DF22A7E2C2F00A70793 /* MenuViewController.swift in Sources */ = {isa = PBXBuildFile; fileRef = 6B504DF12A7E2C2F00A70793 /* MenuViewController.swift */; };
		6B504DF42A7E55AA00A70793 /* RaffleViewController.swift in Sources */ = {isa = PBXBuildFile; fileRef = 6B504DF32A7E55AA00A70793 /* RaffleViewController.swift */; };
		6B55810E2A80D49000A5CF5C /* Coupons.swift in Sources */ = {isa = PBXBuildFile; fileRef = 6B55810D2A80D49000A5CF5C /* Coupons.swift */; };
/* End PBXBuildFile section */

/* Begin PBXFileReference section */
		6B29C13F2A7E8AA60013AADD /* InknutAntiqua-Medium.ttf */ = {isa = PBXFileReference; lastKnownFileType = file; path = "InknutAntiqua-Medium.ttf"; sourceTree = "<group>"; };
		6B504DD62A7D795400A70793 /* KuponForOne.app */ = {isa = PBXFileReference; explicitFileType = wrapper.application; includeInIndex = 0; path = KuponForOne.app; sourceTree = BUILT_PRODUCTS_DIR; };
		6B504DD92A7D795400A70793 /* AppDelegate.swift */ = {isa = PBXFileReference; lastKnownFileType = sourcecode.swift; path = AppDelegate.swift; sourceTree = "<group>"; };
		6B504DDB2A7D795400A70793 /* SceneDelegate.swift */ = {isa = PBXFileReference; lastKnownFileType = sourcecode.swift; path = SceneDelegate.swift; sourceTree = "<group>"; };
		6B504DDD2A7D795400A70793 /* MainViewController.swift */ = {isa = PBXFileReference; lastKnownFileType = sourcecode.swift; path = MainViewController.swift; sourceTree = "<group>"; };
		6B504DE02A7D795400A70793 /* Base */ = {isa = PBXFileReference; lastKnownFileType = file.storyboard; name = Base; path = Base.lproj/Main.storyboard; sourceTree = "<group>"; };
		6B504DE22A7D795700A70793 /* Assets.xcassets */ = {isa = PBXFileReference; lastKnownFileType = folder.assetcatalog; path = Assets.xcassets; sourceTree = "<group>"; };
		6B504DE52A7D795700A70793 /* Base */ = {isa = PBXFileReference; lastKnownFileType = file.storyboard; name = Base; path = Base.lproj/LaunchScreen.storyboard; sourceTree = "<group>"; };
		6B504DE72A7D795700A70793 /* Info.plist */ = {isa = PBXFileReference; lastKnownFileType = text.plist.xml; path = Info.plist; sourceTree = "<group>"; };
		6B504DED2A7D858700A70793 /* ConditionsScreenViewController.swift */ = {isa = PBXFileReference; lastKnownFileType = sourcecode.swift; path = ConditionsScreenViewController.swift; sourceTree = "<group>"; };
		6B504DEF2A7D941700A70793 /* CouponsViewController.swift */ = {isa = PBXFileReference; lastKnownFileType = sourcecode.swift; path = CouponsViewController.swift; sourceTree = "<group>"; };
		6B504DF12A7E2C2F00A70793 /* MenuViewController.swift */ = {isa = PBXFileReference; lastKnownFileType = sourcecode.swift; path = MenuViewController.swift; sourceTree = "<group>"; };
		6B504DF32A7E55AA00A70793 /* RaffleViewController.swift */ = {isa = PBXFileReference; lastKnownFileType = sourcecode.swift; path = RaffleViewController.swift; sourceTree = "<group>"; };
		6B55810D2A80D49000A5CF5C /* Coupons.swift */ = {isa = PBXFileReference; lastKnownFileType = sourcecode.swift; path = Coupons.swift; sourceTree = "<group>"; };
/* End PBXFileReference section */

/* Begin PBXFrameworksBuildPhase section */
		6B504DD32A7D795400A70793 /* Frameworks */ = {
			isa = PBXFrameworksBuildPhase;
			buildActionMask = 2147483647;
			files = (
			);
			runOnlyForDeploymentPostprocessing = 0;
		};
/* End PBXFrameworksBuildPhase section */

/* Begin PBXGroup section */
		6B29C1412A7E94D50013AADD /* View */ = {
			isa = PBXGroup;
			children = (
				6B504DDD2A7D795400A70793 /* MainViewController.swift */,
				6B504DED2A7D858700A70793 /* ConditionsScreenViewController.swift */,
				6B504DEF2A7D941700A70793 /* CouponsViewController.swift */,
				6B504DF32A7E55AA00A70793 /* RaffleViewController.swift */,
				6B504DF12A7E2C2F00A70793 /* MenuViewController.swift */,
			);
			path = View;
			sourceTree = "<group>";
		};
		6B504DCD2A7D795300A70793 = {
			isa = PBXGroup;
			children = (
				6B504DD82A7D795400A70793 /* KuponForOne */,
				6B504DD72A7D795400A70793 /* Products */,
			);
			sourceTree = "<group>";
		};
		6B504DD72A7D795400A70793 /* Products */ = {
			isa = PBXGroup;
			children = (
				6B504DD62A7D795400A70793 /* KuponForOne.app */,
			);
			name = Products;
			sourceTree = "<group>";
		};
		6B504DD82A7D795400A70793 /* KuponForOne */ = {
			isa = PBXGroup;
			children = (
				6B29C1412A7E94D50013AADD /* View */,
				6B504DD92A7D795400A70793 /* AppDelegate.swift */,
				6B55810D2A80D49000A5CF5C /* Coupons.swift */,
				6BF1D0B82A80147B00426425 /* Details */,
			);
			path = KuponForOne;
			sourceTree = "<group>";
		};
		6BF1D0B82A80147B00426425 /* Details */ = {
			isa = PBXGroup;
			children = (
				6B504DDB2A7D795400A70793 /* SceneDelegate.swift */,
				6B504DDF2A7D795400A70793 /* Main.storyboard */,
				6B504DE22A7D795700A70793 /* Assets.xcassets */,
				6B504DE42A7D795700A70793 /* LaunchScreen.storyboard */,
				6B504DE72A7D795700A70793 /* Info.plist */,
				6B29C13F2A7E8AA60013AADD /* InknutAntiqua-Medium.ttf */,
			);
			name = Details;
			sourceTree = "<group>";
		};
/* End PBXGroup section */

/* Begin PBXNativeTarget section */
		6B504DD52A7D795400A70793 /* KuponForOne */ = {
			isa = PBXNativeTarget;
			buildConfigurationList = 6B504DEA2A7D795700A70793 /* Build configuration list for PBXNativeTarget "KuponForOne" */;
			buildPhases = (
				6B504DD22A7D795400A70793 /* Sources */,
				6B504DD32A7D795400A70793 /* Frameworks */,
				6B504DD42A7D795400A70793 /* Resources */,
			);
			buildRules = (
			);
			dependencies = (
			);
			name = KuponForOne;
			productName = KuponForOne;
			productReference = 6B504DD62A7D795400A70793 /* KuponForOne.app */;
			productType = "com.apple.product-type.application";
		};
/* End PBXNativeTarget section */

/* Begin PBXProject section */
		6B504DCE2A7D795300A70793 /* Project object */ = {
			isa = PBXProject;
			attributes = {
				BuildIndependentTargetsInParallel = 1;
				LastSwiftUpdateCheck = 1320;
				LastUpgradeCheck = 1320;
				TargetAttributes = {
					6B504DD52A7D795400A70793 = {
						CreatedOnToolsVersion = 13.2.1;
					};
				};
			};
			buildConfigurationList = 6B504DD12A7D795300A70793 /* Build configuration list for PBXProject "KuponForOne" */;
			compatibilityVersion = "Xcode 13.0";
			developmentRegion = en;
			hasScannedForEncodings = 0;
			knownRegions = (
				en,
				Base,
			);
			mainGroup = 6B504DCD2A7D795300A70793;
			productRefGroup = 6B504DD72A7D795400A70793 /* Products */;
			projectDirPath = "";
			projectRoot = "";
			targets = (
				6B504DD52A7D795400A70793 /* KuponForOne */,
			);
		};
/* End PBXProject section */

/* Begin PBXResourcesBuildPhase section */
		6B504DD42A7D795400A70793 /* Resources */ = {
			isa = PBXResourcesBuildPhase;
			buildActionMask = 2147483647;
			files = (
				6B504DE62A7D795700A70793 /* LaunchScreen.storyboard in Resources */,
				6B504DE32A7D795700A70793 /* Assets.xcassets in Resources */,
				6B29C1402A7E8AA70013AADD /* InknutAntiqua-Medium.ttf in Resources */,
				6B504DE12A7D795400A70793 /* Main.storyboard in Resources */,
			);
			runOnlyForDeploymentPostprocessing = 0;
		};
/* End PBXResourcesBuildPhase section */

/* Begin PBXSourcesBuildPhase section */
		6B504DD22A7D795400A70793 /* Sources */ = {
			isa = PBXSourcesBuildPhase;
			buildActionMask = 2147483647;
			files = (
				6B504DEE2A7D858700A70793 /* ConditionsScreenViewController.swift in Sources */,
				6B504DF22A7E2C2F00A70793 /* MenuViewController.swift in Sources */,
				6B504DDE2A7D795400A70793 /* MainViewController.swift in Sources */,
				6B504DF02A7D941700A70793 /* CouponsViewController.swift in Sources */,
				6B504DDA2A7D795400A70793 /* AppDelegate.swift in Sources */,
				6B504DF42A7E55AA00A70793 /* RaffleViewController.swift in Sources */,
				6B504DDC2A7D795400A70793 /* SceneDelegate.swift in Sources */,
				6B55810E2A80D49000A5CF5C /* Coupons.swift in Sources */,
			);
			runOnlyForDeploymentPostprocessing = 0;
		};
/* End PBXSourcesBuildPhase section */

/* Begin PBXVariantGroup section */
		6B504DDF2A7D795400A70793 /* Main.storyboard */ = {
			isa = PBXVariantGroup;
			children = (
				6B504DE02A7D795400A70793 /* Base */,
			);
			name = Main.storyboard;
			sourceTree = "<group>";
		};
		6B504DE42A7D795700A70793 /* LaunchScreen.storyboard */ = {
			isa = PBXVariantGroup;
			children = (
				6B504DE52A7D795700A70793 /* Base */,
			);
			name = LaunchScreen.storyboard;
			sourceTree = "<group>";
		};
/* End PBXVariantGroup section */

/* Begin XCBuildConfiguration section */
		6B504DE82A7D795700A70793 /* Debug */ = {
			isa = XCBuildConfiguration;
			buildSettings = {
				ALWAYS_SEARCH_USER_PATHS = NO;
				CLANG_ANALYZER_NONNULL = YES;
				CLANG_ANALYZER_NUMBER_OBJECT_CONVERSION = YES_AGGRESSIVE;
				CLANG_CXX_LANGUAGE_STANDARD = "gnu++17";
				CLANG_CXX_LIBRARY = "libc++";
				CLANG_ENABLE_MODULES = YES;
				CLANG_ENABLE_OBJC_ARC = YES;
				CLANG_ENABLE_OBJC_WEAK = YES;
				CLANG_WARN_BLOCK_CAPTURE_AUTORELEASING = YES;
				CLANG_WARN_BOOL_CONVERSION = YES;
				CLANG_WARN_COMMA = YES;
				CLANG_WARN_CONSTANT_CONVERSION = YES;
				CLANG_WARN_DEPRECATED_OBJC_IMPLEMENTATIONS = YES;
				CLANG_WARN_DIRECT_OBJC_ISA_USAGE = YES_ERROR;
				CLANG_WARN_DOCUMENTATION_COMMENTS = YES;
				CLANG_WARN_EMPTY_BODY = YES;
				CLANG_WARN_ENUM_CONVERSION = YES;
				CLANG_WARN_INFINITE_RECURSION = YES;
				CLANG_WARN_INT_CONVERSION = YES;
				CLANG_WARN_NON_LITERAL_NULL_CONVERSION = YES;
				CLANG_WARN_OBJC_IMPLICIT_RETAIN_SELF = YES;
				CLANG_WARN_OBJC_LITERAL_CONVERSION = YES;
				CLANG_WARN_OBJC_ROOT_CLASS = YES_ERROR;
				CLANG_WARN_QUOTED_INCLUDE_IN_FRAMEWORK_HEADER = YES;
				CLANG_WARN_RANGE_LOOP_ANALYSIS = YES;
				CLANG_WARN_STRICT_PROTOTYPES = YES;
				CLANG_WARN_SUSPICIOUS_MOVE = YES;
				CLANG_WARN_UNGUARDED_AVAILABILITY = YES_AGGRESSIVE;
				CLANG_WARN_UNREACHABLE_CODE = YES;
				CLANG_WARN__DUPLICATE_METHOD_MATCH = YES;
				COPY_PHASE_STRIP = NO;
				DEBUG_INFORMATION_FORMAT = dwarf;
				ENABLE_STRICT_OBJC_MSGSEND = YES;
				ENABLE_TESTABILITY = YES;
				GCC_C_LANGUAGE_STANDARD = gnu11;
				GCC_DYNAMIC_NO_PIC = NO;
				GCC_NO_COMMON_BLOCKS = YES;
				GCC_OPTIMIZATION_LEVEL = 0;
				GCC_PREPROCESSOR_DEFINITIONS = (
					"DEBUG=1",
					"$(inherited)",
				);
				GCC_WARN_64_TO_32_BIT_CONVERSION = YES;
				GCC_WARN_ABOUT_RETURN_TYPE = YES_ERROR;
				GCC_WARN_UNDECLARED_SELECTOR = YES;
				GCC_WARN_UNINITIALIZED_AUTOS = YES_AGGRESSIVE;
				GCC_WARN_UNUSED_FUNCTION = YES;
				GCC_WARN_UNUSED_VARIABLE = YES;
				IPHONEOS_DEPLOYMENT_TARGET = 15.2;
				MTL_ENABLE_DEBUG_INFO = INCLUDE_SOURCE;
				MTL_FAST_MATH = YES;
				ONLY_ACTIVE_ARCH = YES;
				SDKROOT = iphoneos;
				SWIFT_ACTIVE_COMPILATION_CONDITIONS = DEBUG;
				SWIFT_OPTIMIZATION_LEVEL = "-Onone";
			};
			name = Debug;
		};
		6B504DE92A7D795700A70793 /* Release */ = {
			isa = XCBuildConfiguration;
			buildSettings = {
				ALWAYS_SEARCH_USER_PATHS = NO;
				CLANG_ANALYZER_NONNULL = YES;
				CLANG_ANALYZER_NUMBER_OBJECT_CONVERSION = YES_AGGRESSIVE;
				CLANG_CXX_LANGUAGE_STANDARD = "gnu++17";
				CLANG_CXX_LIBRARY = "libc++";
				CLANG_ENABLE_MODULES = YES;
				CLANG_ENABLE_OBJC_ARC = YES;
				CLANG_ENABLE_OBJC_WEAK = YES;
				CLANG_WARN_BLOCK_CAPTURE_AUTORELEASING = YES;
				CLANG_WARN_BOOL_CONVERSION = YES;
				CLANG_WARN_COMMA = YES;
				CLANG_WARN_CONSTANT_CONVERSION = YES;
				CLANG_WARN_DEPRECATED_OBJC_IMPLEMENTATIONS = YES;
				CLANG_WARN_DIRECT_OBJC_ISA_USAGE = YES_ERROR;
				CLANG_WARN_DOCUMENTATION_COMMENTS = YES;
				CLANG_WARN_EMPTY_BODY = YES;
				CLANG_WARN_ENUM_CONVERSION = YES;
				CLANG_WARN_INFINITE_RECURSION = YES;
				CLANG_WARN_INT_CONVERSION = YES;
				CLANG_WARN_NON_LITERAL_NULL_CONVERSION = YES;
				CLANG_WARN_OBJC_IMPLICIT_RETAIN_SELF = YES;
				CLANG_WARN_OBJC_LITERAL_CONVERSION = YES;
				CLANG_WARN_OBJC_ROOT_CLASS = YES_ERROR;
				CLANG_WARN_QUOTED_INCLUDE_IN_FRAMEWORK_HEADER = YES;
				CLANG_WARN_RANGE_LOOP_ANALYSIS = YES;
				CLANG_WARN_STRICT_PROTOTYPES = YES;
				CLANG_WARN_SUSPICIOUS_MOVE = YES;
				CLANG_WARN_UNGUARDED_AVAILABILITY = YES_AGGRESSIVE;
				CLANG_WARN_UNREACHABLE_CODE = YES;
				CLANG_WARN__DUPLICATE_METHOD_MATCH = YES;
				COPY_PHASE_STRIP = NO;
				DEBUG_INFORMATION_FORMAT = "dwarf-with-dsym";
				ENABLE_NS_ASSERTIONS = NO;
				ENABLE_STRICT_OBJC_MSGSEND = YES;
				GCC_C_LANGUAGE_STANDARD = gnu11;
				GCC_NO_COMMON_BLOCKS = YES;
				GCC_WARN_64_TO_32_BIT_CONVERSION = YES;
				GCC_WARN_ABOUT_RETURN_TYPE = YES_ERROR;
				GCC_WARN_UNDECLARED_SELECTOR = YES;
				GCC_WARN_UNINITIALIZED_AUTOS = YES_AGGRESSIVE;
				GCC_WARN_UNUSED_FUNCTION = YES;
				GCC_WARN_UNUSED_VARIABLE = YES;
				IPHONEOS_DEPLOYMENT_TARGET = 15.2;
				MTL_ENABLE_DEBUG_INFO = NO;
				MTL_FAST_MATH = YES;
				SDKROOT = iphoneos;
				SWIFT_COMPILATION_MODE = wholemodule;
				SWIFT_OPTIMIZATION_LEVEL = "-O";
				VALIDATE_PRODUCT = YES;
			};
			name = Release;
		};
		6B504DEB2A7D795700A70793 /* Debug */ = {
			isa = XCBuildConfiguration;
			buildSettings = {
				ASSETCATALOG_COMPILER_APPICON_NAME = AppIcon;
				ASSETCATALOG_COMPILER_GLOBAL_ACCENT_COLOR_NAME = AccentColor;
				CODE_SIGN_STYLE = Automatic;
				CURRENT_PROJECT_VERSION = 1;
				DEVELOPMENT_TEAM = JMRR2M76BP;
				GENERATE_INFOPLIST_FILE = YES;
				INFOPLIST_FILE = KuponForOne/Info.plist;
				INFOPLIST_KEY_UIApplicationSupportsIndirectInputEvents = YES;
				INFOPLIST_KEY_UILaunchStoryboardName = LaunchScreen;
				INFOPLIST_KEY_UIMainStoryboardFile = Main;
				INFOPLIST_KEY_UIStatusBarHidden = YES;
				INFOPLIST_KEY_UISupportedInterfaceOrientations = UIInterfaceOrientationPortrait;
				INFOPLIST_KEY_UISupportedInterfaceOrientations_iPad = "UIInterfaceOrientationPortrait UIInterfaceOrientationPortraitUpsideDown UIInterfaceOrientationLandscapeLeft UIInterfaceOrientationLandscapeRight";
				INFOPLIST_KEY_UISupportedInterfaceOrientations_iPhone = "UIInterfaceOrientationPortrait UIInterfaceOrientationLandscapeLeft UIInterfaceOrientationLandscapeRight";
				LD_RUNPATH_SEARCH_PATHS = (
					"$(inherited)",
					"@executable_path/Frameworks",
				);
				MARKETING_VERSION = 1.0;
				PRODUCT_BUNDLE_IDENTIFIER = UmniashaStudio.KuponForOne;
				PRODUCT_NAME = "$(TARGET_NAME)";
				SWIFT_EMIT_LOC_STRINGS = YES;
				SWIFT_VERSION = 5.0;
				TARGETED_DEVICE_FAMILY = "1,2";
			};
			name = Debug;
		};
		6B504DEC2A7D795700A70793 /* Release */ = {
			isa = XCBuildConfiguration;
			buildSettings = {
				ASSETCATALOG_COMPILER_APPICON_NAME = AppIcon;
				ASSETCATALOG_COMPILER_GLOBAL_ACCENT_COLOR_NAME = AccentColor;
				CODE_SIGN_STYLE = Automatic;
				CURRENT_PROJECT_VERSION = 1;
				DEVELOPMENT_TEAM = JMRR2M76BP;
				GENERATE_INFOPLIST_FILE = YES;
				INFOPLIST_FILE = KuponForOne/Info.plist;
				INFOPLIST_KEY_UIApplicationSupportsIndirectInputEvents = YES;
				INFOPLIST_KEY_UILaunchStoryboardName = LaunchScreen;
				INFOPLIST_KEY_UIMainStoryboardFile = Main;
				INFOPLIST_KEY_UIStatusBarHidden = YES;
				INFOPLIST_KEY_UISupportedInterfaceOrientations = UIInterfaceOrientationPortrait;
				INFOPLIST_KEY_UISupportedInterfaceOrientations_iPad = "UIInterfaceOrientationPortrait UIInterfaceOrientationPortraitUpsideDown UIInterfaceOrientationLandscapeLeft UIInterfaceOrientationLandscapeRight";
				INFOPLIST_KEY_UISupportedInterfaceOrientations_iPhone = "UIInterfaceOrientationPortrait UIInterfaceOrientationLandscapeLeft UIInterfaceOrientationLandscapeRight";
				LD_RUNPATH_SEARCH_PATHS = (
					"$(inherited)",
					"@executable_path/Frameworks",
				);
				MARKETING_VERSION = 1.0;
				PRODUCT_BUNDLE_IDENTIFIER = UmniashaStudio.KuponForOne;
				PRODUCT_NAME = "$(TARGET_NAME)";
				SWIFT_EMIT_LOC_STRINGS = YES;
				SWIFT_VERSION = 5.0;
				TARGETED_DEVICE_FAMILY = "1,2";
			};
			name = Release;
		};
/* End XCBuildConfiguration section */

/* Begin XCConfigurationList section */
		6B504DD12A7D795300A70793 /* Build configuration list for PBXProject "KuponForOne" */ = {
			isa = XCConfigurationList;
			buildConfigurations = (
				6B504DE82A7D795700A70793 /* Debug */,
				6B504DE92A7D795700A70793 /* Release */,
			);
			defaultConfigurationIsVisible = 0;
			defaultConfigurationName = Release;
		};
		6B504DEA2A7D795700A70793 /* Build configuration list for PBXNativeTarget "KuponForOne" */ = {
			isa = XCConfigurationList;
			buildConfigurations = (
				6B504DEB2A7D795700A70793 /* Debug */,
				6B504DEC2A7D795700A70793 /* Release */,
			);
			defaultConfigurationIsVisible = 0;
			defaultConfigurationName = Release;
		};
/* End XCConfigurationList section */
	};
	rootObject = 6B504DCE2A7D795300A70793 /* Project object */;
}
